
Microsoft Visual Studio Solution File, Format Version 12.00
# Visual Studio 15
VisualStudioVersion = 15.0.28307.168
MinimumVisualStudioVersion = 10.0.40219.1
Project("{2150E333-8FDC-42A3-9474-1A3956D46DE8}") = "1-Presentation", "1-Presentation", "{6AC1A5F4-54F8-4C7A-AA57-0F4C50FC81CD}"
EndProject
Project("{2150E333-8FDC-42A3-9474-1A3956D46DE8}") = "2-Services", "2-Services", "{88A9D0A9-B565-4FB2-93A7-7A764FBD28FD}"
EndProject
Project("{2150E333-8FDC-42A3-9474-1A3956D46DE8}") = "3-Application", "3-Application", "{24141576-A446-4D5D-B549-F8064F4DDE87}"
EndProject
Project("{2150E333-8FDC-42A3-9474-1A3956D46DE8}") = "4-Domain", "4-Domain", "{EBE6A7C4-3FF3-4350-8EDD-DBFA2BB8359F}"
EndProject
Project("{2150E333-8FDC-42A3-9474-1A3956D46DE8}") = "5-Infra", "5-Infra", "{7A89A298-D71B-4C8E-849D-F4D6A79B114A}"
EndProject
Project("{2150E333-8FDC-42A3-9474-1A3956D46DE8}") = "5.1-Data", "5.1-Data", "{9D940F4D-A3AA-4A66-BB08-76009EF97A56}"
EndProject
Project("{2150E333-8FDC-42A3-9474-1A3956D46DE8}") = "5.2-CrossCutting", "5.2-CrossCutting", "{85C0FE02-3218-4C22-9DAB-88C73CC982BC}"
EndProject
Project("{9A19103F-16F7-4668-BE54-9A1E7A4F7556}") = "Eventos.IO.Domain", "src\Eventos.IO.Domain\Eventos.IO.Domain.csproj", "{07B1707C-3899-414B-A397-CE6F66102134}"
EndProject
Project("{9A19103F-16F7-4668-BE54-9A1E7A4F7556}") = "Eventos.IO.Domain.Core", "src\Eventos.IO.Domain.Core\Eventos.IO.Domain.Core.csproj", "{A16648BC-E7CE-49E8-8B3E-377E5006D829}"
EndProject
Project("{9A19103F-16F7-4668-BE54-9A1E7A4F7556}") = "ConsoleTesting", "src\ConsoleTesting\ConsoleTesting.csproj", "{8D09D18C-F46B-4891-AE63-306DB050B5B3}"
EndProject
Project("{9A19103F-16F7-4668-BE54-9A1E7A4F7556}") = "Eventos.IO.Infra.Data", "src\Eventos.IO.Infra.Data\Eventos.IO.Infra.Data.csproj", "{CFB5CC23-4B06-49C4-8AFB-525803D85624}"
EndProject
Project("{9A19103F-16F7-4668-BE54-9A1E7A4F7556}") = "Eventos.IO.Site", "src\Eventos.IO.Site\Eventos.IO.Site.csproj", "{B38ED013-0BBD-4981-946C-7A8DC2CAA4E0}"
EndProject
Project("{9A19103F-16F7-4668-BE54-9A1E7A4F7556}") = "Eventos.IO.Application", "src\Eventos.IO.Application\Eventos.IO.Application\Eventos.IO.Application.csproj", "{7593FAF9-82A4-49DD-951C-73D243DB43D0}"
EndProject
Project("{9A19103F-16F7-4668-BE54-9A1E7A4F7556}") = "Eventos.IO.Infra.CrossCutting.IoC", "src\Eventos.IO.Infra.CrossCutting.IoC\Eventos.IO.Infra.CrossCutting.IoC\Eventos.IO.Infra.CrossCutting.IoC.csproj", "{02B4DED4-9396-42C5-8562-63A5735944D1}"
EndProject
Project("{FAE04EC0-301F-11D3-BF4B-00C04F79EFBC}") = "Eventos.IO.Infra.CrossCutting.Bus", "src\Eventos.IO.Infra.CrossCutting.Bus\Eventos.IO.Infra.CrossCutting.Bus.csproj", "{5F2944E8-42E9-4218-A9FD-D4A17D7D1FCA}"
EndProject
Global
	GlobalSection(SolutionConfigurationPlatforms) = preSolution
		Debug|Any CPU = Debug|Any CPU
		Release|Any CPU = Release|Any CPU
	EndGlobalSection
	GlobalSection(ProjectConfigurationPlatforms) = postSolution
		{07B1707C-3899-414B-A397-CE6F66102134}.Debug|Any CPU.ActiveCfg = Debug|Any CPU
		{07B1707C-3899-414B-A397-CE6F66102134}.Debug|Any CPU.Build.0 = Debug|Any CPU
		{07B1707C-3899-414B-A397-CE6F66102134}.Release|Any CPU.ActiveCfg = Release|Any CPU
		{07B1707C-3899-414B-A397-CE6F66102134}.Release|Any CPU.Build.0 = Release|Any CPU
		{A16648BC-E7CE-49E8-8B3E-377E5006D829}.Debug|Any CPU.ActiveCfg = Debug|Any CPU
		{A16648BC-E7CE-49E8-8B3E-377E5006D829}.Debug|Any CPU.Build.0 = Debug|Any CPU
		{A16648BC-E7CE-49E8-8B3E-377E5006D829}.Release|Any CPU.ActiveCfg = Release|Any CPU
		{A16648BC-E7CE-49E8-8B3E-377E5006D829}.Release|Any CPU.Build.0 = Release|Any CPU
		{8D09D18C-F46B-4891-AE63-306DB050B5B3}.Debug|Any CPU.ActiveCfg = Debug|Any CPU
		{8D09D18C-F46B-4891-AE63-306DB050B5B3}.Debug|Any CPU.Build.0 = Debug|Any CPU
		{8D09D18C-F46B-4891-AE63-306DB050B5B3}.Release|Any CPU.ActiveCfg = Release|Any CPU
		{8D09D18C-F46B-4891-AE63-306DB050B5B3}.Release|Any CPU.Build.0 = Release|Any CPU
		{CFB5CC23-4B06-49C4-8AFB-525803D85624}.Debug|Any CPU.ActiveCfg = Debug|Any CPU
		{CFB5CC23-4B06-49C4-8AFB-525803D85624}.Debug|Any CPU.Build.0 = Debug|Any CPU
		{CFB5CC23-4B06-49C4-8AFB-525803D85624}.Release|Any CPU.ActiveCfg = Release|Any CPU
		{CFB5CC23-4B06-49C4-8AFB-525803D85624}.Release|Any CPU.Build.0 = Release|Any CPU
		{B38ED013-0BBD-4981-946C-7A8DC2CAA4E0}.Debug|Any CPU.ActiveCfg = Debug|Any CPU
		{B38ED013-0BBD-4981-946C-7A8DC2CAA4E0}.Debug|Any CPU.Build.0 = Debug|Any CPU
		{B38ED013-0BBD-4981-946C-7A8DC2CAA4E0}.Release|Any CPU.ActiveCfg = Release|Any CPU
		{B38ED013-0BBD-4981-946C-7A8DC2CAA4E0}.Release|Any CPU.Build.0 = Release|Any CPU
		{7593FAF9-82A4-49DD-951C-73D243DB43D0}.Debug|Any CPU.ActiveCfg = Debug|Any CPU
		{7593FAF9-82A4-49DD-951C-73D243DB43D0}.Debug|Any CPU.Build.0 = Debug|Any CPU
		{7593FAF9-82A4-49DD-951C-73D243DB43D0}.Release|Any CPU.ActiveCfg = Release|Any CPU
		{7593FAF9-82A4-49DD-951C-73D243DB43D0}.Release|Any CPU.Build.0 = Release|Any CPU
		{02B4DED4-9396-42C5-8562-63A5735944D1}.Debug|Any CPU.ActiveCfg = Debug|Any CPU
		{02B4DED4-9396-42C5-8562-63A5735944D1}.Debug|Any CPU.Build.0 = Debug|Any CPU
		{02B4DED4-9396-42C5-8562-63A5735944D1}.Release|Any CPU.ActiveCfg = Release|Any CPU
		{02B4DED4-9396-42C5-8562-63A5735944D1}.Release|Any CPU.Build.0 = Release|Any CPU
		{5F2944E8-42E9-4218-A9FD-D4A17D7D1FCA}.Debug|Any CPU.ActiveCfg = Debug|Any CPU
		{5F2944E8-42E9-4218-A9FD-D4A17D7D1FCA}.Debug|Any CPU.Build.0 = Debug|Any CPU
		{5F2944E8-42E9-4218-A9FD-D4A17D7D1FCA}.Release|Any CPU.ActiveCfg = Release|Any CPU
		{5F2944E8-42E9-4218-A9FD-D4A17D7D1FCA}.Release|Any CPU.Build.0 = Release|Any CPU
	EndGlobalSection
	GlobalSection(SolutionProperties) = preSolution
		HideSolutionNode = FALSE
	EndGlobalSection
	GlobalSection(NestedProjects) = preSolution
		{9D940F4D-A3AA-4A66-BB08-76009EF97A56} = {7A89A298-D71B-4C8E-849D-F4D6A79B114A}
		{85C0FE02-3218-4C22-9DAB-88C73CC982BC} = {7A89A298-D71B-4C8E-849D-F4D6A79B114A}
		{07B1707C-3899-414B-A397-CE6F66102134} = {EBE6A7C4-3FF3-4350-8EDD-DBFA2BB8359F}
		{A16648BC-E7CE-49E8-8B3E-377E5006D829} = {EBE6A7C4-3FF3-4350-8EDD-DBFA2BB8359F}
		{8D09D18C-F46B-4891-AE63-306DB050B5B3} = {EBE6A7C4-3FF3-4350-8EDD-DBFA2BB8359F}
		{CFB5CC23-4B06-49C4-8AFB-525803D85624} = {9D940F4D-A3AA-4A66-BB08-76009EF97A56}
		{B38ED013-0BBD-4981-946C-7A8DC2CAA4E0} = {6AC1A5F4-54F8-4C7A-AA57-0F4C50FC81CD}
		{7593FAF9-82A4-49DD-951C-73D243DB43D0} = {24141576-A446-4D5D-B549-F8064F4DDE87}
		{02B4DED4-9396-42C5-8562-63A5735944D1} = {85C0FE02-3218-4C22-9DAB-88C73CC982BC}
		{5F2944E8-42E9-4218-A9FD-D4A17D7D1FCA} = {85C0FE02-3218-4C22-9DAB-88C73CC982BC}
	EndGlobalSection
	GlobalSection(ExtensibilityGlobals) = postSolution
		SolutionGuid = {610B3066-B325-4EC8-AC94-2DFE64E0D24C}
	EndGlobalSection
EndGlobal
